// !$*UTF8*$!
{
	archiveVersion = 1;
	classes = {
	};
	objectVersion = 55;
	objects = {

/* Begin PBXBuildFile section */
		008B0C0D2815594C0050453C /* AllCitiesView.swift in Sources */ = {isa = PBXBuildFile; fileRef = 008B0C0C2815594C0050453C /* AllCitiesView.swift */; };
		008B0C1028155AB30050453C /* MigrationManager.swift in Sources */ = {isa = PBXBuildFile; fileRef = 008B0C0F28155AB30050453C /* MigrationManager.swift */; };
		008B0C1228155C8C0050453C /* CountryInfo.swift in Sources */ = {isa = PBXBuildFile; fileRef = 008B0C1128155C8C0050453C /* CountryInfo.swift */; };
		008B0C1428155CD80050453C /* FlagPicker.swift in Sources */ = {isa = PBXBuildFile; fileRef = 008B0C1328155CD80050453C /* FlagPicker.swift */; };
		00F077EA2814093300AA0AF3 /* RealmToDoApp.swift in Sources */ = {isa = PBXBuildFile; fileRef = 00F077E92814093300AA0AF3 /* RealmToDoApp.swift */; };
		00F077EC2814093300AA0AF3 /* ToDoListView.swift in Sources */ = {isa = PBXBuildFile; fileRef = 00F077EB2814093300AA0AF3 /* ToDoListView.swift */; };
		00F077EE2814093500AA0AF3 /* Assets.xcassets in Resources */ = {isa = PBXBuildFile; fileRef = 00F077ED2814093500AA0AF3 /* Assets.xcassets */; };
		00F077F12814093500AA0AF3 /* Preview Assets.xcassets in Resources */ = {isa = PBXBuildFile; fileRef = 00F077F02814093500AA0AF3 /* Preview Assets.xcassets */; };
		00F077F9281409D300AA0AF3 /* LaunchScreen.storyboard in Resources */ = {isa = PBXBuildFile; fileRef = 00F077F8281409D300AA0AF3 /* LaunchScreen.storyboard */; };
		00F077FC281410AF00AA0AF3 /* Realm in Frameworks */ = {isa = PBXBuildFile; productRef = 00F077FB281410AF00AA0AF3 /* Realm */; };
		00F077FE281410AF00AA0AF3 /* RealmSwift in Frameworks */ = {isa = PBXBuildFile; productRef = 00F077FD281410AF00AA0AF3 /* RealmSwift */; };
		00F078002814116500AA0AF3 /* ToDo.swift in Sources */ = {isa = PBXBuildFile; fileRef = 00F077FF2814116500AA0AF3 /* ToDo.swift */; };
		00F07803281416A000AA0AF3 /* ToDoListRow.swift in Sources */ = {isa = PBXBuildFile; fileRef = 00F07802281416A000AA0AF3 /* ToDoListRow.swift */; };
		00FBA2BE2814BE070059AB0E /* ContentView.swift in Sources */ = {isa = PBXBuildFile; fileRef = 00FBA2BD2814BE070059AB0E /* ContentView.swift */; };
		00FBA2C22814BF080059AB0E /* Country.swift in Sources */ = {isa = PBXBuildFile; fileRef = 00FBA2C12814BF080059AB0E /* Country.swift */; };
		00FBA2C42814BF760059AB0E /* City.swift in Sources */ = {isa = PBXBuildFile; fileRef = 00FBA2C32814BF760059AB0E /* City.swift */; };
		00FBA2C62814BFC20059AB0E /* CountryListView.swift in Sources */ = {isa = PBXBuildFile; fileRef = 00FBA2C52814BFC20059AB0E /* CountryListView.swift */; };
		00FBA2C82814C1290059AB0E /* CountryRowView.swift in Sources */ = {isa = PBXBuildFile; fileRef = 00FBA2C72814C1290059AB0E /* CountryRowView.swift */; };
		00FBA2CA2814C5640059AB0E /* CitiesListView.swift in Sources */ = {isa = PBXBuildFile; fileRef = 00FBA2C92814C5640059AB0E /* CitiesListView.swift */; };
/* End PBXBuildFile section */

/* Begin PBXFileReference section */
		008B0C0C2815594C0050453C /* AllCitiesView.swift */ = {isa = PBXFileReference; lastKnownFileType = sourcecode.swift; path = AllCitiesView.swift; sourceTree = "<group>"; };
		008B0C0F28155AB30050453C /* MigrationManager.swift */ = {isa = PBXFileReference; lastKnownFileType = sourcecode.swift; path = MigrationManager.swift; sourceTree = "<group>"; };
		008B0C1128155C8C0050453C /* CountryInfo.swift */ = {isa = PBXFileReference; lastKnownFileType = sourcecode.swift; path = CountryInfo.swift; sourceTree = "<group>"; };
		008B0C1328155CD80050453C /* FlagPicker.swift */ = {isa = PBXFileReference; lastKnownFileType = sourcecode.swift; path = FlagPicker.swift; sourceTree = "<group>"; };
		00F077E62814093300AA0AF3 /* RealmToDo.app */ = {isa = PBXFileReference; explicitFileType = wrapper.application; includeInIndex = 0; path = RealmToDo.app; sourceTree = BUILT_PRODUCTS_DIR; };
		00F077E92814093300AA0AF3 /* RealmToDoApp.swift */ = {isa = PBXFileReference; lastKnownFileType = sourcecode.swift; path = RealmToDoApp.swift; sourceTree = "<group>"; };
		00F077EB2814093300AA0AF3 /* ToDoListView.swift */ = {isa = PBXFileReference; lastKnownFileType = sourcecode.swift; path = ToDoListView.swift; sourceTree = "<group>"; };
		00F077ED2814093500AA0AF3 /* Assets.xcassets */ = {isa = PBXFileReference; lastKnownFileType = folder.assetcatalog; path = Assets.xcassets; sourceTree = "<group>"; };
		00F077F02814093500AA0AF3 /* Preview Assets.xcassets */ = {isa = PBXFileReference; lastKnownFileType = folder.assetcatalog; path = "Preview Assets.xcassets"; sourceTree = "<group>"; };
		00F077F8281409D300AA0AF3 /* LaunchScreen.storyboard */ = {isa = PBXFileReference; lastKnownFileType = file.storyboard; path = LaunchScreen.storyboard; sourceTree = "<group>"; };
		00F077FF2814116500AA0AF3 /* ToDo.swift */ = {isa = PBXFileReference; lastKnownFileType = sourcecode.swift; path = ToDo.swift; sourceTree = "<group>"; };
		00F07802281416A000AA0AF3 /* ToDoListRow.swift */ = {isa = PBXFileReference; lastKnownFileType = sourcecode.swift; path = ToDoListRow.swift; sourceTree = "<group>"; };
		00FBA2BD2814BE070059AB0E /* ContentView.swift */ = {isa = PBXFileReference; lastKnownFileType = sourcecode.swift; path = ContentView.swift; sourceTree = "<group>"; };
		00FBA2C12814BF080059AB0E /* Country.swift */ = {isa = PBXFileReference; lastKnownFileType = sourcecode.swift; path = Country.swift; sourceTree = "<group>"; };
		00FBA2C32814BF760059AB0E /* City.swift */ = {isa = PBXFileReference; lastKnownFileType = sourcecode.swift; path = City.swift; sourceTree = "<group>"; };
		00FBA2C52814BFC20059AB0E /* CountryListView.swift */ = {isa = PBXFileReference; lastKnownFileType = sourcecode.swift; path = CountryListView.swift; sourceTree = "<group>"; };
		00FBA2C72814C1290059AB0E /* CountryRowView.swift */ = {isa = PBXFileReference; lastKnownFileType = sourcecode.swift; path = CountryRowView.swift; sourceTree = "<group>"; };
		00FBA2C92814C5640059AB0E /* CitiesListView.swift */ = {isa = PBXFileReference; lastKnownFileType = sourcecode.swift; path = CitiesListView.swift; sourceTree = "<group>"; };
/* End PBXFileReference section */

/* Begin PBXFrameworksBuildPhase section */
		00F077E32814093300AA0AF3 /* Frameworks */ = {
			isa = PBXFrameworksBuildPhase;
			buildActionMask = 2147483647;
			files = (
				00F077FE281410AF00AA0AF3 /* RealmSwift in Frameworks */,
				00F077FC281410AF00AA0AF3 /* Realm in Frameworks */,
			);
			runOnlyForDeploymentPostprocessing = 0;
		};
/* End PBXFrameworksBuildPhase section */

/* Begin PBXGroup section */
		008B0C0E28155AA70050453C /* Utils */ = {
			isa = PBXGroup;
			children = (
				008B0C0F28155AB30050453C /* MigrationManager.swift */,
			);
			path = Utils;
			sourceTree = "<group>";
		};
		00F077DD2814093300AA0AF3 = {
			isa = PBXGroup;
			children = (
				00F077E82814093300AA0AF3 /* RealmToDo */,
				00F077E72814093300AA0AF3 /* Products */,
			);
			sourceTree = "<group>";
		};
		00F077E72814093300AA0AF3 /* Products */ = {
			isa = PBXGroup;
			children = (
				00F077E62814093300AA0AF3 /* RealmToDo.app */,
			);
			name = Products;
			sourceTree = "<group>";
		};
		00F077E82814093300AA0AF3 /* RealmToDo */ = {
			isa = PBXGroup;
			children = (
				00F077E92814093300AA0AF3 /* RealmToDoApp.swift */,
				00F077ED2814093500AA0AF3 /* Assets.xcassets */,
				00F078012814168E00AA0AF3 /* Models */,
				00F077EF2814093500AA0AF3 /* Preview Content */,
				008B0C0E28155AA70050453C /* Utils */,
				00F077F7281409C700AA0AF3 /* Views */,
			);
			path = RealmToDo;
			sourceTree = "<group>";
		};
		00F077EF2814093500AA0AF3 /* Preview Content */ = {
			isa = PBXGroup;
			children = (
				00F077F02814093500AA0AF3 /* Preview Assets.xcassets */,
			);
			path = "Preview Content";
			sourceTree = "<group>";
		};
		00F077F7281409C700AA0AF3 /* Views */ = {
			isa = PBXGroup;
			children = (
				00F077F8281409D300AA0AF3 /* LaunchScreen.storyboard */,
				00FBA2BD2814BE070059AB0E /* ContentView.swift */,
				00FBA2C02814BE170059AB0E /* CountryScreen */,
				00FBA2BF2814BE0B0059AB0E /* ToDoScreen */,
			);
			path = Views;
			sourceTree = "<group>";
		};
		00F078012814168E00AA0AF3 /* Models */ = {
			isa = PBXGroup;
			children = (
				00F077FF2814116500AA0AF3 /* ToDo.swift */,
				00FBA2C12814BF080059AB0E /* Country.swift */,
				00FBA2C32814BF760059AB0E /* City.swift */,
				008B0C1128155C8C0050453C /* CountryInfo.swift */,
			);
			path = Models;
			sourceTree = "<group>";
		};
		00FBA2BF2814BE0B0059AB0E /* ToDoScreen */ = {
			isa = PBXGroup;
			children = (
				00F07802281416A000AA0AF3 /* ToDoListRow.swift */,
				00F077EB2814093300AA0AF3 /* ToDoListView.swift */,
			);
			path = ToDoScreen;
			sourceTree = "<group>";
		};
		00FBA2C02814BE170059AB0E /* CountryScreen */ = {
			isa = PBXGroup;
			children = (
				00FBA2C52814BFC20059AB0E /* CountryListView.swift */,
				00FBA2C72814C1290059AB0E /* CountryRowView.swift */,
				00FBA2C92814C5640059AB0E /* CitiesListView.swift */,
				008B0C0C2815594C0050453C /* AllCitiesView.swift */,
				008B0C1328155CD80050453C /* FlagPicker.swift */,
			);
			path = CountryScreen;
			sourceTree = "<group>";
		};
/* End PBXGroup section */

/* Begin PBXNativeTarget section */
		00F077E52814093300AA0AF3 /* RealmToDo */ = {
			isa = PBXNativeTarget;
			buildConfigurationList = 00F077F42814093500AA0AF3 /* Build configuration list for PBXNativeTarget "RealmToDo" */;
			buildPhases = (
				00F077E22814093300AA0AF3 /* Sources */,
				00F077E32814093300AA0AF3 /* Frameworks */,
				00F077E42814093300AA0AF3 /* Resources */,
			);
			buildRules = (
			);
			dependencies = (
			);
			name = RealmToDo;
			packageProductDependencies = (
				00F077FB281410AF00AA0AF3 /* Realm */,
				00F077FD281410AF00AA0AF3 /* RealmSwift */,
			);
			productName = RealmToDo;
			productReference = 00F077E62814093300AA0AF3 /* RealmToDo.app */;
			productType = "com.apple.product-type.application";
		};
/* End PBXNativeTarget section */

/* Begin PBXProject section */
		00F077DE2814093300AA0AF3 /* Project object */ = {
			isa = PBXProject;
			attributes = {
				BuildIndependentTargetsInParallel = 1;
				LastSwiftUpdateCheck = 1330;
				LastUpgradeCheck = 1330;
				TargetAttributes = {
					00F077E52814093300AA0AF3 = {
						CreatedOnToolsVersion = 13.3.1;
					};
				};
			};
			buildConfigurationList = 00F077E12814093300AA0AF3 /* Build configuration list for PBXProject "RealmToDo" */;
			compatibilityVersion = "Xcode 13.0";
			developmentRegion = en;
			hasScannedForEncodings = 0;
			knownRegions = (
				en,
				Base,
			);
			mainGroup = 00F077DD2814093300AA0AF3;
			packageReferences = (
				00F077FA281410AF00AA0AF3 /* XCRemoteSwiftPackageReference "realm-swift" */,
			);
			productRefGroup = 00F077E72814093300AA0AF3 /* Products */;
			projectDirPath = "";
			projectRoot = "";
			targets = (
				00F077E52814093300AA0AF3 /* RealmToDo */,
			);
		};
/* End PBXProject section */

/* Begin PBXResourcesBuildPhase section */
		00F077E42814093300AA0AF3 /* Resources */ = {
			isa = PBXResourcesBuildPhase;
			buildActionMask = 2147483647;
			files = (
				00F077F9281409D300AA0AF3 /* LaunchScreen.storyboard in Resources */,
				00F077F12814093500AA0AF3 /* Preview Assets.xcassets in Resources */,
				00F077EE2814093500AA0AF3 /* Assets.xcassets in Resources */,
			);
			runOnlyForDeploymentPostprocessing = 0;
		};
/* End PBXResourcesBuildPhase section */

/* Begin PBXSourcesBuildPhase section */
		00F077E22814093300AA0AF3 /* Sources */ = {
			isa = PBXSourcesBuildPhase;
			buildActionMask = 2147483647;
			files = (
				00F078002814116500AA0AF3 /* ToDo.swift in Sources */,
				008B0C0D2815594C0050453C /* AllCitiesView.swift in Sources */,
				008B0C1228155C8C0050453C /* CountryInfo.swift in Sources */,
				00FBA2BE2814BE070059AB0E /* ContentView.swift in Sources */,
				00F077EC2814093300AA0AF3 /* ToDoListView.swift in Sources */,
				00FBA2C62814BFC20059AB0E /* CountryListView.swift in Sources */,
				00F07803281416A000AA0AF3 /* ToDoListRow.swift in Sources */,
				008B0C1428155CD80050453C /* FlagPicker.swift in Sources */,
				00FBA2C82814C1290059AB0E /* CountryRowView.swift in Sources */,
				00FBA2C22814BF080059AB0E /* Country.swift in Sources */,
				00FBA2CA2814C5640059AB0E /* CitiesListView.swift in Sources */,
				00F077EA2814093300AA0AF3 /* RealmToDoApp.swift in Sources */,
				008B0C1028155AB30050453C /* MigrationManager.swift in Sources */,
				00FBA2C42814BF760059AB0E /* City.swift in Sources */,
			);
			runOnlyForDeploymentPostprocessing = 0;
		};
/* End PBXSourcesBuildPhase section */

/* Begin XCBuildConfiguration section */
		00F077F22814093500AA0AF3 /* Debug */ = {
			isa = XCBuildConfiguration;
			buildSettings = {
				ALWAYS_SEARCH_USER_PATHS = NO;
				CLANG_ANALYZER_NONNULL = YES;
				CLANG_ANALYZER_NUMBER_OBJECT_CONVERSION = YES_AGGRESSIVE;
				CLANG_CXX_LANGUAGE_STANDARD = "gnu++17";
				CLANG_ENABLE_MODULES = YES;
				CLANG_ENABLE_OBJC_ARC = YES;
				CLANG_ENABLE_OBJC_WEAK = YES;
				CLANG_WARN_BLOCK_CAPTURE_AUTORELEASING = YES;
				CLANG_WARN_BOOL_CONVERSION = YES;
				CLANG_WARN_COMMA = YES;
				CLANG_WARN_CONSTANT_CONVERSION = YES;
				CLANG_WARN_DEPRECATED_OBJC_IMPLEMENTATIONS = YES;
				CLANG_WARN_DIRECT_OBJC_ISA_USAGE = YES_ERROR;
				CLANG_WARN_DOCUMENTATION_COMMENTS = YES;
				CLANG_WARN_EMPTY_BODY = YES;
				CLANG_WARN_ENUM_CONVERSION = YES;
				CLANG_WARN_INFINITE_RECURSION = YES;
				CLANG_WARN_INT_CONVERSION = YES;
				CLANG_WARN_NON_LITERAL_NULL_CONVERSION = YES;
				CLANG_WARN_OBJC_IMPLICIT_RETAIN_SELF = YES;
				CLANG_WARN_OBJC_LITERAL_CONVERSION = YES;
				CLANG_WARN_OBJC_ROOT_CLASS = YES_ERROR;
				CLANG_WARN_QUOTED_INCLUDE_IN_FRAMEWORK_HEADER = YES;
				CLANG_WARN_RANGE_LOOP_ANALYSIS = YES;
				CLANG_WARN_STRICT_PROTOTYPES = YES;
				CLANG_WARN_SUSPICIOUS_MOVE = YES;
				CLANG_WARN_UNGUARDED_AVAILABILITY = YES_AGGRESSIVE;
				CLANG_WARN_UNREACHABLE_CODE = YES;
				CLANG_WARN__DUPLICATE_METHOD_MATCH = YES;
				COPY_PHASE_STRIP = NO;
				DEBUG_INFORMATION_FORMAT = dwarf;
				ENABLE_STRICT_OBJC_MSGSEND = YES;
				ENABLE_TESTABILITY = YES;
				GCC_C_LANGUAGE_STANDARD = gnu11;
				GCC_DYNAMIC_NO_PIC = NO;
				GCC_NO_COMMON_BLOCKS = YES;
				GCC_OPTIMIZATION_LEVEL = 0;
				GCC_PREPROCESSOR_DEFINITIONS = (
					"DEBUG=1",
					"$(inherited)",
				);
				GCC_WARN_64_TO_32_BIT_CONVERSION = YES;
				GCC_WARN_ABOUT_RETURN_TYPE = YES_ERROR;
				GCC_WARN_UNDECLARED_SELECTOR = YES;
				GCC_WARN_UNINITIALIZED_AUTOS = YES_AGGRESSIVE;
				GCC_WARN_UNUSED_FUNCTION = YES;
				GCC_WARN_UNUSED_VARIABLE = YES;
				IPHONEOS_DEPLOYMENT_TARGET = 15.4;
				MTL_ENABLE_DEBUG_INFO = INCLUDE_SOURCE;
				MTL_FAST_MATH = YES;
				ONLY_ACTIVE_ARCH = YES;
				SDKROOT = iphoneos;
				SWIFT_ACTIVE_COMPILATION_CONDITIONS = DEBUG;
				SWIFT_OPTIMIZATION_LEVEL = "-Onone";
			};
			name = Debug;
		};
		00F077F32814093500AA0AF3 /* Release */ = {
			isa = XCBuildConfiguration;
			buildSettings = {
				ALWAYS_SEARCH_USER_PATHS = NO;
				CLANG_ANALYZER_NONNULL = YES;
				CLANG_ANALYZER_NUMBER_OBJECT_CONVERSION = YES_AGGRESSIVE;
				CLANG_CXX_LANGUAGE_STANDARD = "gnu++17";
				CLANG_ENABLE_MODULES = YES;
				CLANG_ENABLE_OBJC_ARC = YES;
				CLANG_ENABLE_OBJC_WEAK = YES;
				CLANG_WARN_BLOCK_CAPTURE_AUTORELEASING = YES;
				CLANG_WARN_BOOL_CONVERSION = YES;
				CLANG_WARN_COMMA = YES;
				CLANG_WARN_CONSTANT_CONVERSION = YES;
				CLANG_WARN_DEPRECATED_OBJC_IMPLEMENTATIONS = YES;
				CLANG_WARN_DIRECT_OBJC_ISA_USAGE = YES_ERROR;
				CLANG_WARN_DOCUMENTATION_COMMENTS = YES;
				CLANG_WARN_EMPTY_BODY = YES;
				CLANG_WARN_ENUM_CONVERSION = YES;
				CLANG_WARN_INFINITE_RECURSION = YES;
				CLANG_WARN_INT_CONVERSION = YES;
				CLANG_WARN_NON_LITERAL_NULL_CONVERSION = YES;
				CLANG_WARN_OBJC_IMPLICIT_RETAIN_SELF = YES;
				CLANG_WARN_OBJC_LITERAL_CONVERSION = YES;
				CLANG_WARN_OBJC_ROOT_CLASS = YES_ERROR;
				CLANG_WARN_QUOTED_INCLUDE_IN_FRAMEWORK_HEADER = YES;
				CLANG_WARN_RANGE_LOOP_ANALYSIS = YES;
				CLANG_WARN_STRICT_PROTOTYPES = YES;
				CLANG_WARN_SUSPICIOUS_MOVE = YES;
				CLANG_WARN_UNGUARDED_AVAILABILITY = YES_AGGRESSIVE;
				CLANG_WARN_UNREACHABLE_CODE = YES;
				CLANG_WARN__DUPLICATE_METHOD_MATCH = YES;
				COPY_PHASE_STRIP = NO;
				DEBUG_INFORMATION_FORMAT = "dwarf-with-dsym";
				ENABLE_NS_ASSERTIONS = NO;
				ENABLE_STRICT_OBJC_MSGSEND = YES;
				GCC_C_LANGUAGE_STANDARD = gnu11;
				GCC_NO_COMMON_BLOCKS = YES;
				GCC_WARN_64_TO_32_BIT_CONVERSION = YES;
				GCC_WARN_ABOUT_RETURN_TYPE = YES_ERROR;
				GCC_WARN_UNDECLARED_SELECTOR = YES;
				GCC_WARN_UNINITIALIZED_AUTOS = YES_AGGRESSIVE;
				GCC_WARN_UNUSED_FUNCTION = YES;
				GCC_WARN_UNUSED_VARIABLE = YES;
				IPHONEOS_DEPLOYMENT_TARGET = 15.4;
				MTL_ENABLE_DEBUG_INFO = NO;
				MTL_FAST_MATH = YES;
				SDKROOT = iphoneos;
				SWIFT_COMPILATION_MODE = wholemodule;
				SWIFT_OPTIMIZATION_LEVEL = "-O";
				VALIDATE_PRODUCT = YES;
			};
			name = Release;
		};
		00F077F52814093500AA0AF3 /* Debug */ = {
			isa = XCBuildConfiguration;
			buildSettings = {
				ASSETCATALOG_COMPILER_APPICON_NAME = AppIcon;
				ASSETCATALOG_COMPILER_GLOBAL_ACCENT_COLOR_NAME = AccentColor;
				CODE_SIGN_STYLE = Automatic;
				CURRENT_PROJECT_VERSION = 1;
				DEVELOPMENT_ASSET_PATHS = "\"RealmToDo/Preview Content\"";
				DEVELOPMENT_TEAM = QH7853B55W;
				ENABLE_PREVIEWS = YES;
				GENERATE_INFOPLIST_FILE = YES;
				INFOPLIST_KEY_UIApplicationSceneManifest_Generation = YES;
				INFOPLIST_KEY_UIApplicationSupportsIndirectInputEvents = YES;
				INFOPLIST_KEY_UILaunchScreen_Generation = YES;
				INFOPLIST_KEY_UILaunchStoryboardName = LaunchScreen;
				INFOPLIST_KEY_UISupportedInterfaceOrientations_iPad = "UIInterfaceOrientationPortrait UIInterfaceOrientationPortraitUpsideDown UIInterfaceOrientationLandscapeLeft UIInterfaceOrientationLandscapeRight";
				INFOPLIST_KEY_UISupportedInterfaceOrientations_iPhone = "UIInterfaceOrientationPortrait UIInterfaceOrientationLandscapeLeft UIInterfaceOrientationLandscapeRight";
				LD_RUNPATH_SEARCH_PATHS = (
					"$(inherited)",
					"@executable_path/Frameworks",
				);
				MARKETING_VERSION = 1.0;
				PRODUCT_BUNDLE_IDENTIFIER = dev.aybarsacar.RealmToDo;
				PRODUCT_NAME = "$(TARGET_NAME)";
				SWIFT_EMIT_LOC_STRINGS = YES;
				SWIFT_VERSION = 5.0;
				TARGETED_DEVICE_FAMILY = "1,2";
			};
			name = Debug;
		};
		00F077F62814093500AA0AF3 /* Release */ = {
			isa = XCBuildConfiguration;
			buildSettings = {
				ASSETCATALOG_COMPILER_APPICON_NAME = AppIcon;
				ASSETCATALOG_COMPILER_GLOBAL_ACCENT_COLOR_NAME = AccentColor;
				CODE_SIGN_STYLE = Automatic;
				CURRENT_PROJECT_VERSION = 1;
				DEVELOPMENT_ASSET_PATHS = "\"RealmToDo/Preview Content\"";
				DEVELOPMENT_TEAM = QH7853B55W;
				ENABLE_PREVIEWS = YES;
				GENERATE_INFOPLIST_FILE = YES;
				INFOPLIST_KEY_UIApplicationSceneManifest_Generation = YES;
				INFOPLIST_KEY_UIApplicationSupportsIndirectInputEvents = YES;
				INFOPLIST_KEY_UILaunchScreen_Generation = YES;
				INFOPLIST_KEY_UILaunchStoryboardName = LaunchScreen;
				INFOPLIST_KEY_UISupportedInterfaceOrientations_iPad = "UIInterfaceOrientationPortrait UIInterfaceOrientationPortraitUpsideDown UIInterfaceOrientationLandscapeLeft UIInterfaceOrientationLandscapeRight";
				INFOPLIST_KEY_UISupportedInterfaceOrientations_iPhone = "UIInterfaceOrientationPortrait UIInterfaceOrientationLandscapeLeft UIInterfaceOrientationLandscapeRight";
				LD_RUNPATH_SEARCH_PATHS = (
					"$(inherited)",
					"@executable_path/Frameworks",
				);
				MARKETING_VERSION = 1.0;
				PRODUCT_BUNDLE_IDENTIFIER = dev.aybarsacar.RealmToDo;
				PRODUCT_NAME = "$(TARGET_NAME)";
				SWIFT_EMIT_LOC_STRINGS = YES;
				SWIFT_VERSION = 5.0;
				TARGETED_DEVICE_FAMILY = "1,2";
			};
			name = Release;
		};
/* End XCBuildConfiguration section */

/* Begin XCConfigurationList section */
		00F077E12814093300AA0AF3 /* Build configuration list for PBXProject "RealmToDo" */ = {
			isa = XCConfigurationList;
			buildConfigurations = (
				00F077F22814093500AA0AF3 /* Debug */,
				00F077F32814093500AA0AF3 /* Release */,
			);
			defaultConfigurationIsVisible = 0;
			defaultConfigurationName = Release;
		};
		00F077F42814093500AA0AF3 /* Build configuration list for PBXNativeTarget "RealmToDo" */ = {
			isa = XCConfigurationList;
			buildConfigurations = (
				00F077F52814093500AA0AF3 /* Debug */,
				00F077F62814093500AA0AF3 /* Release */,
			);
			defaultConfigurationIsVisible = 0;
			defaultConfigurationName = Release;
		};
/* End XCConfigurationList section */

/* Begin XCRemoteSwiftPackageReference section */
		00F077FA281410AF00AA0AF3 /* XCRemoteSwiftPackageReference "realm-swift" */ = {
			isa = XCRemoteSwiftPackageReference;
			repositoryURL = "https://github.com/realm/realm-swift.git";
			requirement = {
				branch = master;
				kind = branch;
			};
		};
/* End XCRemoteSwiftPackageReference section */

/* Begin XCSwiftPackageProductDependency section */
		00F077FB281410AF00AA0AF3 /* Realm */ = {
			isa = XCSwiftPackageProductDependency;
			package = 00F077FA281410AF00AA0AF3 /* XCRemoteSwiftPackageReference "realm-swift" */;
			productName = Realm;
		};
		00F077FD281410AF00AA0AF3 /* RealmSwift */ = {
			isa = XCSwiftPackageProductDependency;
			package = 00F077FA281410AF00AA0AF3 /* XCRemoteSwiftPackageReference "realm-swift" */;
			productName = RealmSwift;
		};
/* End XCSwiftPackageProductDependency section */
	};
	rootObject = 00F077DE2814093300AA0AF3 /* Project object */;
}
